{
  "version": 4,
  "terraform_version": "0.15.5",
  "serial": 52,
  "lineage": "d47dd561-6712-ab0e-00e1-674efb22cd21",
  "outputs": {},
  "resources": [
    {
      "module": "module.cloudwatch_rule_event",
      "mode": "managed",
      "type": "aws_cloudwatch_event_rule",
      "name": "cloudwatch_event_rule",
      "provider": "module.cloudwatch_rule_event.provider[\"registry.terraform.io/hashicorp/aws\"]",
      "instances": [
        {
          "schema_version": 0,
          "attributes": {
            "arn": "arn:aws:events:us-east-1:272833614684:rule/schedule-acg-etl",
            "description": "Fires every day at 01:00AM",
            "event_bus_name": "default",
            "event_pattern": null,
            "id": "schedule-acg-etl",
            "is_enabled": true,
            "name": "schedule-acg-etl",
            "name_prefix": "",
            "role_arn": "",
            "schedule_expression": "cron(0 9 * * ? *)",
            "tags": {},
            "tags_all": {}
          },
          "sensitive_attributes": [],
          "private": "bnVsbA=="
        }
      ]
    },
    {
      "module": "module.cloudwatch_rule_event",
      "mode": "managed",
      "type": "aws_cloudwatch_event_target",
      "name": "event_target",
      "provider": "module.cloudwatch_rule_event.provider[\"registry.terraform.io/hashicorp/aws\"]",
      "instances": [
        {
          "schema_version": 1,
          "attributes": {
            "arn": "arn:aws:lambda:us-east-1:272833614684:function:acg-etl",
            "batch_target": [],
            "dead_letter_config": [],
            "ecs_target": [],
            "event_bus_name": "default",
            "http_target": [],
            "id": "schedule-acg-etl-acg-etl",
            "input": "",
            "input_path": "",
            "input_transformer": [],
            "kinesis_target": [],
            "retry_policy": [],
            "role_arn": "",
            "rule": "schedule-acg-etl",
            "run_command_targets": [],
            "sqs_target": [],
            "target_id": "acg-etl"
          },
          "sensitive_attributes": [],
          "private": "eyJzY2hlbWFfdmVyc2lvbiI6IjEifQ==",
          "dependencies": [
            "module.cloudwatch_rule_event.aws_cloudwatch_event_rule.cloudwatch_event_rule",
            "module.lambda_function.aws_lambda_function.acg-etl",
            "module.lambda_function.aws_lambda_layer_version.lambda_layer",
            "module.rds.aws_security_group.postgres_sg",
            "module.s3_upload.aws_s3_bucket_object.file_upload",
            "module.sns.aws_cloudformation_stack.sns_topic",
            "module.lambda_function.aws_iam_role.lambda_sns_role01",
            "module.rds.aws_db_instance.covid19_db",
            "module.rds.aws_default_vpc.default",
            "module.s3_create_bucket.aws_s3_bucket.backup",
            "module.sns.data.template_file.cloudformation_sns_stack"
          ]
        }
      ]
    },
    {
      "module": "module.cloudwatch_rule_event",
      "mode": "managed",
      "type": "aws_lambda_permission",
      "name": "allow_cloudwatch_to_call_lambda_function",
      "provider": "module.cloudwatch_rule_event.provider[\"registry.terraform.io/hashicorp/aws\"]",
      "instances": [
        {
          "schema_version": 0,
          "attributes": {
            "action": "lambda:InvokeFunction",
            "event_source_token": null,
            "function_name": "acg-etl",
            "id": "AllowExecutionFromCloudWatch",
            "principal": "events.amazonaws.com",
            "qualifier": "",
            "source_account": null,
            "source_arn": "arn:aws:events:us-east-1:272833614684:rule/schedule-acg-etl",
            "statement_id": "AllowExecutionFromCloudWatch",
            "statement_id_prefix": null
          },
          "sensitive_attributes": [],
          "private": "bnVsbA==",
          "dependencies": [
            "module.lambda_function.aws_iam_role.lambda_sns_role01",
            "module.lambda_function.aws_lambda_function.acg-etl",
            "module.lambda_function.aws_lambda_layer_version.lambda_layer",
            "module.rds.aws_default_vpc.default",
            "module.rds.aws_security_group.postgres_sg",
            "module.s3_create_bucket.aws_s3_bucket.backup",
            "module.cloudwatch_rule_event.aws_cloudwatch_event_rule.cloudwatch_event_rule",
            "module.rds.aws_db_instance.covid19_db",
            "module.s3_upload.aws_s3_bucket_object.file_upload",
            "module.sns.aws_cloudformation_stack.sns_topic",
            "module.sns.data.template_file.cloudformation_sns_stack"
          ]
        }
      ]
    },
    {
      "module": "module.lambda_function",
      "mode": "managed",
      "type": "aws_iam_role",
      "name": "lambda_sns_role01",
      "provider": "provider[\"registry.terraform.io/hashicorp/aws\"]",
      "instances": [
        {
          "schema_version": 0,
          "attributes": {
            "arn": "arn:aws:iam::272833614684:role/lambda_sns_role01",
            "assume_role_policy": "{\"Version\":\"2012-10-17\",\"Statement\":[{\"Sid\":\"\",\"Effect\":\"Allow\",\"Principal\":{\"Service\":\"lambda.amazonaws.com\"},\"Action\":\"sts:AssumeRole\"}]}",
            "create_date": "2021-06-10T13:25:02Z",
            "description": "Allows Lambda functions to call AWS services on your behalf.",
            "force_detach_policies": false,
            "id": "lambda_sns_role01",
            "inline_policy": [
              {
                "name": "",
                "policy": ""
              }
            ],
            "managed_policy_arns": [
              "arn:aws:iam::aws:policy/AmazonS3FullAccess",
              "arn:aws:iam::aws:policy/AmazonSNSFullAccess"
            ],
            "max_session_duration": 3600,
            "name": "lambda_sns_role01",
            "name_prefix": null,
            "path": "/",
            "permissions_boundary": null,
            "tags": {},
            "tags_all": {},
            "unique_id": "AROAT7BRGSNOJGB7D6UGZ"
          },
          "sensitive_attributes": [],
          "private": "bnVsbA==",
          "dependencies": [
            "module.s3_create_bucket.aws_s3_bucket.backup",
            "module.s3_upload.aws_s3_bucket_object.file_upload"
          ]
        }
      ]
    },
    {
      "module": "module.lambda_function",
      "mode": "managed",
      "type": "aws_iam_role_policy_attachment",
      "name": "aws-managed-policy-attachment01",
      "provider": "provider[\"registry.terraform.io/hashicorp/aws\"]",
      "instances": [
        {
          "schema_version": 0,
          "attributes": {
            "id": "lambda_sns_role01-20210610132506619600000002",
            "policy_arn": "arn:aws:iam::aws:policy/AmazonS3FullAccess",
            "role": "lambda_sns_role01"
          },
          "sensitive_attributes": [],
          "private": "bnVsbA==",
          "dependencies": [
            "module.lambda_function.aws_iam_role.lambda_sns_role01",
            "module.s3_create_bucket.aws_s3_bucket.backup",
            "module.s3_upload.aws_s3_bucket_object.file_upload"
          ]
        }
      ]
    },
    {
      "module": "module.lambda_function",
      "mode": "managed",
      "type": "aws_iam_role_policy_attachment",
      "name": "aws-managed-policy-attachment04",
      "provider": "provider[\"registry.terraform.io/hashicorp/aws\"]",
      "instances": [
        {
          "schema_version": 0,
          "attributes": {
            "id": "lambda_sns_role01-20210610132506610800000001",
            "policy_arn": "arn:aws:iam::aws:policy/AmazonSNSFullAccess",
            "role": "lambda_sns_role01"
          },
          "sensitive_attributes": [],
          "private": "bnVsbA==",
          "dependencies": [
            "module.lambda_function.aws_iam_role.lambda_sns_role01",
            "module.s3_create_bucket.aws_s3_bucket.backup",
            "module.s3_upload.aws_s3_bucket_object.file_upload"
          ]
        }
      ]
    },
    {
      "module": "module.lambda_function",
      "mode": "managed",
      "type": "aws_lambda_function",
      "name": "acg-etl",
      "provider": "provider[\"registry.terraform.io/hashicorp/aws\"]",
      "instances": [
        {
          "schema_version": 0,
          "attributes": {
            "arn": "arn:aws:lambda:us-east-1:272833614684:function:acg-etl",
            "code_signing_config_arn": "",
            "dead_letter_config": [],
            "description": "",
            "environment": [
              {
                "variables": {
                  "db_table": "covid",
                  "rds_database_name": "postgres",
                  "rds_host": "covid19-etl-db.crksativkwkb.us-east-1.rds.amazonaws.com",
                  "rds_password": "postgres",
                  "rds_port": "5432",
                  "rds_username": "postgres",
                  "send_notification": "True",
                  "sns_arn": "arn:aws:sns:us-east-1:272833614684:sns-acg-etl"
                }
              }
            ],
            "file_system_config": [],
            "filename": null,
            "function_name": "acg-etl",
            "handler": "etl_wrapper.main",
            "id": "acg-etl",
            "image_config": [],
            "image_uri": "",
            "invoke_arn": "arn:aws:apigateway:us-east-1:lambda:path/2015-03-31/functions/arn:aws:lambda:us-east-1:272833614684:function:acg-etl/invocations",
            "kms_key_arn": "",
            "last_modified": "2021-06-10T13:51:34.398+0000",
            "layers": [
              "arn:aws:lambda:us-east-1:272833614684:layer:pythonlibs:1"
            ],
            "memory_size": 128,
            "package_type": "Zip",
            "publish": false,
            "qualified_arn": "arn:aws:lambda:us-east-1:272833614684:function:acg-etl:$LATEST",
            "reserved_concurrent_executions": -1,
            "role": "arn:aws:iam::272833614684:role/lambda_sns_role01",
            "runtime": "python3.7",
            "s3_bucket": "acglambdafiles",
            "s3_key": "acg-etl.zip",
            "s3_object_version": null,
            "signing_job_arn": "",
            "signing_profile_version_arn": "",
            "source_code_hash": "Y5Qn6Rf9zjRWR6E2bf2MkMx/p+IV4e9Fct4F6Icq+qo=",
            "source_code_size": 3188,
            "tags": {},
            "tags_all": {},
            "timeout": 30,
            "timeouts": null,
            "tracing_config": [
              {
                "mode": "PassThrough"
              }
            ],
            "version": "$LATEST",
            "vpc_config": []
          },
          "sensitive_attributes": [
            [
              {
                "type": "get_attr",
                "value": "environment"
              },
              {
                "type": "index",
                "value": {
                  "value": 0,
                  "type": "number"
                }
              },
              {
                "type": "get_attr",
                "value": "variables"
              },
              {
                "type": "index",
                "value": {
                  "value": "rds_password",
                  "type": "string"
                }
              }
            ]
          ],
          "private": "eyJlMmJmYjczMC1lY2FhLTExZTYtOGY4OC0zNDM2M2JjN2M0YzAiOnsiY3JlYXRlIjo2MDAwMDAwMDAwMDB9fQ==",
          "dependencies": [
            "module.lambda_function.aws_iam_role.lambda_sns_role01",
            "module.lambda_function.aws_lambda_layer_version.lambda_layer",
            "module.rds.aws_db_instance.covid19_db",
            "module.s3_create_bucket.aws_s3_bucket.backup",
            "module.s3_upload.aws_s3_bucket_object.file_upload",
            "module.sns.aws_cloudformation_stack.sns_topic"
          ]
        }
      ]
    },
    {
      "module": "module.lambda_function",
      "mode": "managed",
      "type": "aws_lambda_layer_version",
      "name": "lambda_layer",
      "provider": "provider[\"registry.terraform.io/hashicorp/aws\"]",
      "instances": [
        {
          "schema_version": 0,
          "attributes": {
            "arn": "arn:aws:lambda:us-east-1:272833614684:layer:pythonlibs:1",
            "compatible_runtimes": [],
            "created_date": "2021-06-10T13:25:15.709+0000",
            "description": "",
            "filename": null,
            "id": "arn:aws:lambda:us-east-1:272833614684:layer:pythonlibs:1",
            "layer_arn": "arn:aws:lambda:us-east-1:272833614684:layer:pythonlibs",
            "layer_name": "pythonlibs",
            "license_info": "",
            "s3_bucket": "acglambdafiles",
            "s3_key": "python.zip",
            "s3_object_version": null,
            "signing_job_arn": "",
            "signing_profile_version_arn": "",
            "source_code_hash": "lP8mir1VMOS0b0QtfZpsPehFOr3xkWTmOevr5VE73N0=",
            "source_code_size": 51943757,
            "version": "1"
          },
          "sensitive_attributes": [],
          "private": "bnVsbA==",
          "dependencies": [
            "module.s3_create_bucket.aws_s3_bucket.backup",
            "module.s3_upload.aws_s3_bucket_object.file_upload"
          ]
        }
      ]
    },
    {
      "module": "module.rds",
      "mode": "managed",
      "type": "aws_db_instance",
      "name": "covid19_db",
      "provider": "module.rds.provider[\"registry.terraform.io/hashicorp/aws\"]",
      "instances": [
        {
          "schema_version": 1,
          "attributes": {
            "address": "covid19-etl-db.crksativkwkb.us-east-1.rds.amazonaws.com",
            "allocated_storage": 10,
            "allow_major_version_upgrade": null,
            "apply_immediately": true,
            "arn": "arn:aws:rds:us-east-1:272833614684:db:covid19-etl-db",
            "auto_minor_version_upgrade": true,
            "availability_zone": "us-east-1f",
            "backup_retention_period": 0,
            "backup_window": "09:55-10:25",
            "ca_cert_identifier": "rds-ca-2019",
            "character_set_name": null,
            "copy_tags_to_snapshot": false,
            "db_subnet_group_name": "default",
            "delete_automated_backups": true,
            "deletion_protection": false,
            "domain": "",
            "domain_iam_role_name": "",
            "enabled_cloudwatch_logs_exports": [],
            "endpoint": "covid19-etl-db.crksativkwkb.us-east-1.rds.amazonaws.com:5432",
            "engine": "postgres",
            "engine_version": "12.3",
            "final_snapshot_identifier": null,
            "hosted_zone_id": "Z2R2ITUGPM61AM",
            "iam_database_authentication_enabled": false,
            "id": "covid19-etl-db",
            "identifier": "covid19-etl-db",
            "identifier_prefix": null,
            "instance_class": "db.t2.micro",
            "iops": 0,
            "kms_key_id": "",
            "latest_restorable_time": "0001-01-01T00:00:00Z",
            "license_model": "postgresql-license",
            "maintenance_window": "tue:04:16-tue:04:46",
            "max_allocated_storage": 100,
            "monitoring_interval": 0,
            "monitoring_role_arn": "",
            "multi_az": false,
            "name": "postgres",
            "option_group_name": "default:postgres-12",
            "parameter_group_name": "default.postgres12",
            "password": "postgres",
            "performance_insights_enabled": false,
            "performance_insights_kms_key_id": "",
            "performance_insights_retention_period": 0,
            "port": 5432,
            "publicly_accessible": true,
            "replicas": [],
            "replicate_source_db": "",
            "resource_id": "db-3DKKZ72XRH7MW6AFR6HD4XA2H4",
            "restore_to_point_in_time": [],
            "s3_import": [],
            "security_group_names": [],
            "skip_final_snapshot": true,
            "snapshot_identifier": null,
            "status": "available",
            "storage_encrypted": false,
            "storage_type": "gp2",
            "tags": {},
            "tags_all": {},
            "timeouts": null,
            "timezone": "",
            "username": "postgres",
            "vpc_security_group_ids": [
              "sg-0c1faa9a427a75973"
            ]
          },
          "sensitive_attributes": [],
          "private": "eyJlMmJmYjczMC1lY2FhLTExZTYtOGY4OC0zNDM2M2JjN2M0YzAiOnsiY3JlYXRlIjoyNDAwMDAwMDAwMDAwLCJkZWxldGUiOjM2MDAwMDAwMDAwMDAsInVwZGF0ZSI6NDgwMDAwMDAwMDAwMH0sInNjaGVtYV92ZXJzaW9uIjoiMSJ9",
          "dependencies": [
            "module.rds.aws_security_group.postgres_sg",
            "module.rds.aws_default_vpc.default"
          ]
        }
      ]
    },
    {
      "module": "module.rds",
      "mode": "managed",
      "type": "aws_default_vpc",
      "name": "default",
      "provider": "module.rds.provider[\"registry.terraform.io/hashicorp/aws\"]",
      "instances": [
        {
          "schema_version": 1,
          "attributes": {
            "arn": "arn:aws:ec2:us-east-1:272833614684:vpc/vpc-759c0c08",
            "assign_generated_ipv6_cidr_block": false,
            "cidr_block": "172.31.0.0/16",
            "default_network_acl_id": "acl-686d9614",
            "default_route_table_id": "rtb-b2213ecc",
            "default_security_group_id": "sg-67154a61",
            "dhcp_options_id": "dopt-b37c41c9",
            "enable_classiclink": false,
            "enable_classiclink_dns_support": false,
            "enable_dns_hostnames": true,
            "enable_dns_support": true,
            "id": "vpc-759c0c08",
            "instance_tenancy": "default",
            "ipv6_association_id": "",
            "ipv6_cidr_block": "",
            "main_route_table_id": "rtb-b2213ecc",
            "owner_id": "272833614684",
            "tags": {
              "Name": "Default VPC"
            },
            "tags_all": {
              "Name": "Default VPC"
            }
          },
          "sensitive_attributes": [],
          "private": "eyJzY2hlbWFfdmVyc2lvbiI6IjEifQ=="
        }
      ]
    },
    {
      "module": "module.rds",
      "mode": "managed",
      "type": "aws_security_group",
      "name": "postgres_sg",
      "provider": "module.rds.provider[\"registry.terraform.io/hashicorp/aws\"]",
      "instances": [
        {
          "schema_version": 1,
          "attributes": {
            "arn": "arn:aws:ec2:us-east-1:272833614684:security-group/sg-0c1faa9a427a75973",
            "description": "Managed by Terraform",
            "egress": [
              {
                "cidr_blocks": [
                  "0.0.0.0/0"
                ],
                "description": "",
                "from_port": 0,
                "ipv6_cidr_blocks": [],
                "prefix_list_ids": [],
                "protocol": "-1",
                "security_groups": [],
                "self": false,
                "to_port": 0
              }
            ],
            "id": "sg-0c1faa9a427a75973",
            "ingress": [
              {
                "cidr_blocks": [
                  "0.0.0.0/0"
                ],
                "description": "",
                "from_port": 5432,
                "ipv6_cidr_blocks": [],
                "prefix_list_ids": [],
                "protocol": "tcp",
                "security_groups": [],
                "self": true,
                "to_port": 5432
              }
            ],
            "name": "postgres_sg",
            "name_prefix": "",
            "owner_id": "272833614684",
            "revoke_rules_on_delete": false,
            "tags": {
              "Name": "Postgres_SG"
            },
            "tags_all": {
              "Name": "Postgres_SG"
            },
            "timeouts": null,
            "vpc_id": "vpc-759c0c08"
          },
          "sensitive_attributes": [],
          "private": "eyJlMmJmYjczMC1lY2FhLTExZTYtOGY4OC0zNDM2M2JjN2M0YzAiOnsiY3JlYXRlIjo2MDAwMDAwMDAwMDAsImRlbGV0ZSI6OTAwMDAwMDAwMDAwfSwic2NoZW1hX3ZlcnNpb24iOiIxIn0=",
          "dependencies": [
            "module.rds.aws_default_vpc.default"
          ]
        }
      ]
    },
    {
      "module": "module.s3_create_bucket",
      "mode": "managed",
      "type": "aws_s3_bucket",
      "name": "backup",
      "provider": "module.s3_create_bucket.provider[\"registry.terraform.io/hashicorp/aws\"]",
      "instances": [
        {
          "schema_version": 0,
          "attributes": {
            "acceleration_status": "",
            "acl": "private",
            "arn": "arn:aws:s3:::acglambdafiles",
            "bucket": "acglambdafiles",
            "bucket_domain_name": "acglambdafiles.s3.amazonaws.com",
            "bucket_prefix": null,
            "bucket_regional_domain_name": "acglambdafiles.s3.amazonaws.com",
            "cors_rule": [],
            "force_destroy": false,
            "grant": [],
            "hosted_zone_id": "Z3AQBSTGFYJSTF",
            "id": "acglambdafiles",
            "lifecycle_rule": [],
            "logging": [],
            "object_lock_configuration": [],
            "policy": null,
            "region": "us-east-1",
            "replication_configuration": [],
            "request_payer": "BucketOwner",
            "server_side_encryption_configuration": [],
            "tags": {},
            "tags_all": {},
            "versioning": [
              {
                "enabled": false,
                "mfa_delete": false
              }
            ],
            "website": [],
            "website_domain": null,
            "website_endpoint": null
          },
          "sensitive_attributes": [],
          "private": "bnVsbA=="
        }
      ]
    },
    {
      "module": "module.s3_upload",
      "mode": "managed",
      "type": "aws_s3_bucket_object",
      "name": "file_upload",
      "provider": "provider[\"registry.terraform.io/hashicorp/aws\"]",
      "instances": [
        {
          "index_key": ".DS_Store",
          "schema_version": 0,
          "attributes": {
            "acl": "public-read",
            "bucket": "acglambdafiles",
            "bucket_key_enabled": false,
            "cache_control": "",
            "content": null,
            "content_base64": null,
            "content_disposition": "",
            "content_encoding": "",
            "content_language": "",
            "content_type": "binary/octet-stream",
            "etag": "35d24475b92d5dfa1cacb0de78185eea",
            "force_destroy": false,
            "id": ".DS_Store",
            "key": ".DS_Store",
            "kms_key_id": null,
            "metadata": {},
            "object_lock_legal_hold_status": "",
            "object_lock_mode": "",
            "object_lock_retain_until_date": "",
            "server_side_encryption": "",
            "source": "./files_to_upload/.DS_Store",
            "storage_class": "STANDARD",
            "tags": {},
            "tags_all": {},
            "version_id": "",
            "website_redirect": ""
          },
          "sensitive_attributes": [],
          "private": "bnVsbA==",
          "dependencies": [
            "module.s3_create_bucket.aws_s3_bucket.backup"
          ]
        },
        {
          "index_key": "acg-etl.zip",
          "schema_version": 0,
          "attributes": {
            "acl": "public-read",
            "bucket": "acglambdafiles",
            "bucket_key_enabled": false,
            "cache_control": "",
            "content": null,
            "content_base64": null,
            "content_disposition": "",
            "content_encoding": "",
            "content_language": "",
            "content_type": "binary/octet-stream",
            "etag": "bc2460cbe4251a5fd55c58cc506cbc4f",
            "force_destroy": false,
            "id": "acg-etl.zip",
            "key": "acg-etl.zip",
            "kms_key_id": null,
            "metadata": {},
            "object_lock_legal_hold_status": "",
            "object_lock_mode": "",
            "object_lock_retain_until_date": "",
            "server_side_encryption": "",
            "source": "./files_to_upload/acg-etl.zip",
            "storage_class": "STANDARD",
            "tags": {},
            "tags_all": {},
            "version_id": "",
            "website_redirect": ""
          },
          "sensitive_attributes": [],
          "private": "bnVsbA==",
          "dependencies": [
            "module.s3_create_bucket.aws_s3_bucket.backup"
          ]
        },
        {
          "index_key": "python.zip",
          "schema_version": 0,
          "attributes": {
            "acl": "public-read",
            "bucket": "acglambdafiles",
            "bucket_key_enabled": false,
            "cache_control": "",
            "content": null,
            "content_base64": null,
            "content_disposition": "",
            "content_encoding": "",
            "content_language": "",
            "content_type": "binary/octet-stream",
            "etag": "5c85281173d0d14740d677ff309370bf",
            "force_destroy": false,
            "id": "python.zip",
            "key": "python.zip",
            "kms_key_id": null,
            "metadata": {},
            "object_lock_legal_hold_status": "",
            "object_lock_mode": "",
            "object_lock_retain_until_date": "",
            "server_side_encryption": "",
            "source": "./files_to_upload/python.zip",
            "storage_class": "STANDARD",
            "tags": {},
            "tags_all": {},
            "version_id": "",
            "website_redirect": ""
          },
          "sensitive_attributes": [],
          "private": "bnVsbA==",
          "dependencies": [
            "module.s3_create_bucket.aws_s3_bucket.backup"
          ]
        }
      ]
    },
    {
      "module": "module.sns",
      "mode": "data",
      "type": "template_file",
      "name": "cloudformation_sns_stack",
      "provider": "provider[\"registry.terraform.io/hashicorp/template\"]",
      "instances": [
        {
          "schema_version": 0,
          "attributes": {
            "filename": null,
            "id": "ed0411e23296b3681bd075f61854ffd23ed7557391f8f1fa319af39d733af958",
            "rendered": "{\n  \"AWSTemplateFormatVersion\": \"2010-09-09\",\n  \"Resources\" : {\n    \"EmailSNSTopic\": {\n      \"Type\" : \"AWS::SNS::Topic\",\n      \"Properties\" : {\n        \"DisplayName\" : \"acg-etl-alert\",\n        \"Subscription\": [\n          { \"Endpoint\": \"anantha19945@gmail.com\", \"Protocol\": \"email\"  }\n        ],\n        \"TopicName\" : \"sns-acg-etl\"\n      }\n    }\n  },\n\n  \"Outputs\" : {\n    \"ARN\" : {\n      \"Description\" : \"Email SNS Topic ARN\",\n      \"Value\" : { \"Ref\" : \"EmailSNSTopic\" }\n    }\n  }\n}",
            "template": "{\n  \"AWSTemplateFormatVersion\": \"2010-09-09\",\n  \"Resources\" : {\n    \"EmailSNSTopic\": {\n      \"Type\" : \"AWS::SNS::Topic\",\n      \"Properties\" : {\n        \"DisplayName\" : \"${display_name}\",\n        \"Subscription\": [\n          ${subscriptions}\n        ],\n        \"TopicName\" : \"${topic_name}\"\n      }\n    }\n  },\n\n  \"Outputs\" : {\n    \"ARN\" : {\n      \"Description\" : \"Email SNS Topic ARN\",\n      \"Value\" : { \"Ref\" : \"EmailSNSTopic\" }\n    }\n  }\n}",
            "vars": {
              "display_name": "acg-etl-alert",
              "subscriptions": "{ \"Endpoint\": \"anantha19945@gmail.com\", \"Protocol\": \"email\"  }",
              "topic_name": "sns-acg-etl"
            }
          },
          "sensitive_attributes": []
        }
      ]
    },
    {
      "module": "module.sns",
      "mode": "managed",
      "type": "aws_cloudformation_stack",
      "name": "sns_topic",
      "provider": "module.sns.provider[\"registry.terraform.io/hashicorp/aws\"]",
      "instances": [
        {
          "schema_version": 0,
          "attributes": {
            "capabilities": null,
            "disable_rollback": false,
            "iam_role_arn": "",
            "id": "arn:aws:cloudformation:us-east-1:272833614684:stack/CloudformationStackNameACGEtl/13968390-c9ef-11eb-acd0-0e880f83ff7f",
            "name": "CloudformationStackNameACGEtl",
            "notification_arns": null,
            "on_failure": null,
            "outputs": {
              "ARN": "arn:aws:sns:us-east-1:272833614684:sns-acg-etl"
            },
            "parameters": {},
            "policy_body": null,
            "policy_url": null,
            "tags": {},
            "tags_all": {},
            "template_body": "{\"AWSTemplateFormatVersion\":\"2010-09-09\",\"Outputs\":{\"ARN\":{\"Description\":\"Email SNS Topic ARN\",\"Value\":{\"Ref\":\"EmailSNSTopic\"}}},\"Resources\":{\"EmailSNSTopic\":{\"Properties\":{\"DisplayName\":\"acg-etl-alert\",\"Subscription\":[{\"Endpoint\":\"anantha19945@gmail.com\",\"Protocol\":\"email\"}],\"TopicName\":\"sns-acg-etl\"},\"Type\":\"AWS::SNS::Topic\"}}}",
            "template_url": null,
            "timeout_in_minutes": null,
            "timeouts": null
          },
          "sensitive_attributes": [],
          "private": "eyJlMmJmYjczMC1lY2FhLTExZTYtOGY4OC0zNDM2M2JjN2M0YzAiOnsiY3JlYXRlIjoxODAwMDAwMDAwMDAwLCJkZWxldGUiOjE4MDAwMDAwMDAwMDAsInVwZGF0ZSI6MTgwMDAwMDAwMDAwMH19",
          "dependencies": [
            "module.sns.data.template_file.cloudformation_sns_stack"
          ]
        }
      ]
    }
  ]
}
